
Microsoft Visual Studio Solution File, Format Version 12.00
# Visual Studio Version 17
VisualStudioVersion = 17.13.35825.156 d17.13
MinimumVisualStudioVersion = 10.0.40219.1
Project("{FAE04EC0-301F-11D3-BF4B-00C04F79EFBC}") = "ConsoleApp1", "ConsoleApp1\ConsoleApp1.csproj", "{778F98FE-3391-4071-8075-75806CCEBE54}"
EndProject
Global
	GlobalSection(SolutionConfigurationPlatforms) = preSolution
		Debug|Any CPU = Debug|Any CPU
		Release|Any CPU = Release|Any CPU
	EndGlobalSection
	GlobalSection(ProjectConfigurationPlatforms) = postSolution
		{778F98FE-3391-4071-8075-75806CCEBE54}.Debug|Any CPU.ActiveCfg = Debug|Any CPU
		{778F98FE-3391-4071-8075-75806CCEBE54}.Debug|Any CPU.Build.0 = Debug|Any CPU
		{778F98FE-3391-4071-8075-75806CCEBE54}.Release|Any CPU.ActiveCfg = Release|Any CPU
		{778F98FE-3391-4071-8075-75806CCEBE54}.Release|Any CPU.Build.0 = Release|Any CPU
	EndGlobalSection
	GlobalSection(SolutionProperties) = preSolution
		HideSolutionNode = FALSE
	EndGlobalSection
	GlobalSection(ExtensibilityGlobals) = postSolution
		SolutionGuid = {56D2131F-0B9B-4F52-8277-A497AE44266B}
	EndGlobalSection
EndGlobal
